
Microsoft Visual Studio Solution File, Format Version 12.00
# Visual Studio Version 17
VisualStudioVersion = 17.13.35931.197 d17.13
MinimumVisualStudioVersion = 10.0.40219.1
Project("{FAE04EC0-301F-11D3-BF4B-00C04F79EFBC}") = "CupomService.API", "CupomService.API\CupomService.API.csproj", "{F2B2124F-68A8-4AAC-BB2E-70535A1AE595}"
EndProject
Global
	GlobalSection(SolutionConfigurationPlatforms) = preSolution
		Debug|Any CPU = Debug|Any CPU
		Release|Any CPU = Release|Any CPU
	EndGlobalSection
	GlobalSection(ProjectConfigurationPlatforms) = postSolution
		{F2B2124F-68A8-4AAC-BB2E-70535A1AE595}.Debug|Any CPU.ActiveCfg = Debug|Any CPU
		{F2B2124F-68A8-4AAC-BB2E-70535A1AE595}.Debug|Any CPU.Build.0 = Debug|Any CPU
		{F2B2124F-68A8-4AAC-BB2E-70535A1AE595}.Release|Any CPU.ActiveCfg = Release|Any CPU
		{F2B2124F-68A8-4AAC-BB2E-70535A1AE595}.Release|Any CPU.Build.0 = Release|Any CPU
	EndGlobalSection
	GlobalSection(SolutionProperties) = preSolution
		HideSolutionNode = FALSE
	EndGlobalSection
	GlobalSection(ExtensibilityGlobals) = postSolution
		SolutionGuid = {8065C444-4081-4D86-8DA8-E9BE2D20707A}
	EndGlobalSection
EndGlobal
